
Microsoft Visual Studio Solution File, Format Version 12.00
# Visual Studio 15
VisualStudioVersion = 15.0.28307.271
MinimumVisualStudioVersion = 10.0.40219.1
Project("{FAE04EC0-301F-11D3-BF4B-00C04F79EFBC}") = "WebProject", "WebProject\WebProject.csproj", "{13F5A76F-4219-43B8-A070-80BFAF6EBB6C}"
EndProject
Global
	GlobalSection(SolutionConfigurationPlatforms) = preSolution
		Debug|Any CPU = Debug|Any CPU
		Release|Any CPU = Release|Any CPU
	EndGlobalSection
	GlobalSection(ProjectConfigurationPlatforms) = postSolution
		{13F5A76F-4219-43B8-A070-80BFAF6EBB6C}.Debug|Any CPU.ActiveCfg = Debug|Any CPU
		{13F5A76F-4219-43B8-A070-80BFAF6EBB6C}.Debug|Any CPU.Build.0 = Debug|Any CPU
		{13F5A76F-4219-43B8-A070-80BFAF6EBB6C}.Release|Any CPU.ActiveCfg = Release|Any CPU
		{13F5A76F-4219-43B8-A070-80BFAF6EBB6C}.Release|Any CPU.Build.0 = Release|Any CPU
	EndGlobalSection
	GlobalSection(SolutionProperties) = preSolution
		HideSolutionNode = FALSE
	EndGlobalSection
	GlobalSection(ExtensibilityGlobals) = postSolution
		SolutionGuid = {659F2F08-240E-4E0E-8AFC-81B6524E1D34}
	EndGlobalSection
EndGlobal
